
Microsoft Visual Studio Solution File, Format Version 12.00
# Visual Studio Version 16
VisualStudioVersion = 16.0.31624.102
MinimumVisualStudioVersion = 10.0.40219.1
Project("{FAE04EC0-301F-11D3-BF4B-00C04F79EFBC}") = "uchpr2", "uchpr2\uchpr2.csproj", "{C82D7265-01BC-4CF6-B786-5D07FA82468D}"
EndProject
Global
	GlobalSection(SolutionConfigurationPlatforms) = preSolution
		Debug|Any CPU = Debug|Any CPU
		Release|Any CPU = Release|Any CPU
	EndGlobalSection
	GlobalSection(ProjectConfigurationPlatforms) = postSolution
		{C82D7265-01BC-4CF6-B786-5D07FA82468D}.Debug|Any CPU.ActiveCfg = Debug|Any CPU
		{C82D7265-01BC-4CF6-B786-5D07FA82468D}.Debug|Any CPU.Build.0 = Debug|Any CPU
		{C82D7265-01BC-4CF6-B786-5D07FA82468D}.Release|Any CPU.ActiveCfg = Release|Any CPU
		{C82D7265-01BC-4CF6-B786-5D07FA82468D}.Release|Any CPU.Build.0 = Release|Any CPU
	EndGlobalSection
	GlobalSection(SolutionProperties) = preSolution
		HideSolutionNode = FALSE
	EndGlobalSection
	GlobalSection(ExtensibilityGlobals) = postSolution
		SolutionGuid = {37C982D1-586E-4895-9409-0D9213784E4C}
	EndGlobalSection
EndGlobal
